// !$*UTF8*$!
{
	archiveVersion = 1;
	classes = {
	};
	objectVersion = 46;
	objects = {

/* Begin PBXBuildFile section */
		E356FBE41CBC27BC008F7866 /* AppDelegate.swift in Sources */ = {isa = PBXBuildFile; fileRef = E356FBE31CBC27BC008F7866 /* AppDelegate.swift */; };
		E356FBE61CBC27BC008F7866 /* ViewController.swift in Sources */ = {isa = PBXBuildFile; fileRef = E356FBE51CBC27BC008F7866 /* ViewController.swift */; };
		E356FBE91CBC27BC008F7866 /* Main.storyboard in Resources */ = {isa = PBXBuildFile; fileRef = E356FBE71CBC27BC008F7866 /* Main.storyboard */; };
		E356FBEB1CBC27BC008F7866 /* Assets.xcassets in Resources */ = {isa = PBXBuildFile; fileRef = E356FBEA1CBC27BC008F7866 /* Assets.xcassets */; };
		E356FBEE1CBC27BC008F7866 /* LaunchScreen.storyboard in Resources */ = {isa = PBXBuildFile; fileRef = E356FBEC1CBC27BC008F7866 /* LaunchScreen.storyboard */; };
		E356FBF61CBC2F69008F7866 /* ImageDownloader.swift in Sources */ = {isa = PBXBuildFile; fileRef = E356FBF51CBC2F69008F7866 /* ImageDownloader.swift */; };
/* End PBXBuildFile section */

/* Begin PBXFileReference section */
		E356FBE01CBC27BC008F7866 /* ImageDownloader.app */ = {isa = PBXFileReference; explicitFileType = wrapper.application; includeInIndex = 0; path = ImageDownloader.app; sourceTree = BUILT_PRODUCTS_DIR; };
		E356FBE31CBC27BC008F7866 /* AppDelegate.swift */ = {isa = PBXFileReference; lastKnownFileType = sourcecode.swift; path = AppDelegate.swift; sourceTree = "<group>"; };
		E356FBE51CBC27BC008F7866 /* ViewController.swift */ = {isa = PBXFileReference; lastKnownFileType = sourcecode.swift; path = ViewController.swift; sourceTree = "<group>"; };
		E356FBE81CBC27BC008F7866 /* Base */ = {isa = PBXFileReference; lastKnownFileType = file.storyboard; name = Base; path = Base.lproj/Main.storyboard; sourceTree = "<group>"; };
		E356FBEA1CBC27BC008F7866 /* Assets.xcassets */ = {isa = PBXFileReference; lastKnownFileType = folder.assetcatalog; path = Assets.xcassets; sourceTree = "<group>"; };
		E356FBED1CBC27BC008F7866 /* Base */ = {isa = PBXFileReference; lastKnownFileType = file.storyboard; name = Base; path = Base.lproj/LaunchScreen.storyboard; sourceTree = "<group>"; };
		E356FBEF1CBC27BC008F7866 /* Info.plist */ = {isa = PBXFileReference; lastKnownFileType = text.plist.xml; path = Info.plist; sourceTree = "<group>"; };
		E356FBF51CBC2F69008F7866 /* ImageDownloader.swift */ = {isa = PBXFileReference; fileEncoding = 4; lastKnownFileType = sourcecode.swift; path = ImageDownloader.swift; sourceTree = "<group>"; };
/* End PBXFileReference section */

/* Begin PBXFrameworksBuildPhase section */
		E356FBDD1CBC27BC008F7866 /* Frameworks */ = {
			isa = PBXFrameworksBuildPhase;
			buildActionMask = 2147483647;
			files = (
			);
			runOnlyForDeploymentPostprocessing = 0;
		};
/* End PBXFrameworksBuildPhase section */

/* Begin PBXGroup section */
		E356FBD71CBC27BC008F7866 = {
			isa = PBXGroup;
			children = (
				E356FBE21CBC27BC008F7866 /* ImageDownloader */,
				E356FBE11CBC27BC008F7866 /* Products */,
			);
			sourceTree = "<group>";
		};
		E356FBE11CBC27BC008F7866 /* Products */ = {
			isa = PBXGroup;
			children = (
				E356FBE01CBC27BC008F7866 /* ImageDownloader.app */,
			);
			name = Products;
			sourceTree = "<group>";
		};
		E356FBE21CBC27BC008F7866 /* ImageDownloader */ = {
			isa = PBXGroup;
			children = (
				E356FBE31CBC27BC008F7866 /* AppDelegate.swift */,
				E356FBE51CBC27BC008F7866 /* ViewController.swift */,
				E356FBE71CBC27BC008F7866 /* Main.storyboard */,
				E356FBF51CBC2F69008F7866 /* ImageDownloader.swift */,
				E356FBEA1CBC27BC008F7866 /* Assets.xcassets */,
				E356FBEC1CBC27BC008F7866 /* LaunchScreen.storyboard */,
				E356FBEF1CBC27BC008F7866 /* Info.plist */,
			);
			path = ImageDownloader;
			sourceTree = "<group>";
		};
/* End PBXGroup section */

/* Begin PBXNativeTarget section */
		E356FBDF1CBC27BC008F7866 /* ImageDownloader */ = {
			isa = PBXNativeTarget;
			buildConfigurationList = E356FBF21CBC27BC008F7866 /* Build configuration list for PBXNativeTarget "ImageDownloader" */;
			buildPhases = (
				E356FBDC1CBC27BC008F7866 /* Sources */,
				E356FBDD1CBC27BC008F7866 /* Frameworks */,
				E356FBDE1CBC27BC008F7866 /* Resources */,
			);
			buildRules = (
			);
			dependencies = (
			);
			name = ImageDownloader;
			productName = ImageDownloader;
			productReference = E356FBE01CBC27BC008F7866 /* ImageDownloader.app */;
			productType = "com.apple.product-type.application";
		};
/* End PBXNativeTarget section */

/* Begin PBXProject section */
		E356FBD81CBC27BC008F7866 /* Project object */ = {
			isa = PBXProject;
			attributes = {
				LastSwiftUpdateCheck = 0730;
				LastUpgradeCheck = 0730;
				ORGANIZATIONNAME = "Роман Ануфриев";
				TargetAttributes = {
					E356FBDF1CBC27BC008F7866 = {
						CreatedOnToolsVersion = 7.3;
						DevelopmentTeam = K662L9N9Y7;
					};
				};
			};
			buildConfigurationList = E356FBDB1CBC27BC008F7866 /* Build configuration list for PBXProject "ImageDownloader" */;
			compatibilityVersion = "Xcode 3.2";
			developmentRegion = English;
			hasScannedForEncodings = 0;
			knownRegions = (
				en,
				Base,
			);
			mainGroup = E356FBD71CBC27BC008F7866;
			productRefGroup = E356FBE11CBC27BC008F7866 /* Products */;
			projectDirPath = "";
			projectRoot = "";
			targets = (
				E356FBDF1CBC27BC008F7866 /* ImageDownloader */,
			);
		};
/* End PBXProject section */

/* Begin PBXResourcesBuildPhase section */
		E356FBDE1CBC27BC008F7866 /* Resources */ = {
			isa = PBXResourcesBuildPhase;
			buildActionMask = 2147483647;
			files = (
				E356FBEE1CBC27BC008F7866 /* LaunchScreen.storyboard in Resources */,
				E356FBEB1CBC27BC008F7866 /* Assets.xcassets in Resources */,
				E356FBE91CBC27BC008F7866 /* Main.storyboard in Resources */,
			);
			runOnlyForDeploymentPostprocessing = 0;
		};
/* End PBXResourcesBuildPhase section */

/* Begin PBXSourcesBuildPhase section */
		E356FBDC1CBC27BC008F7866 /* Sources */ = {
			isa = PBXSourcesBuildPhase;
			buildActionMask = 2147483647;
			files = (
				E356FBE61CBC27BC008F7866 /* ViewController.swift in Sources */,
				E356FBF61CBC2F69008F7866 /* ImageDownloader.swift in Sources */,
				E356FBE41CBC27BC008F7866 /* AppDelegate.swift in Sources */,
			);
			runOnlyForDeploymentPostprocessing = 0;
		};
/* End PBXSourcesBuildPhase section */

/* Begin PBXVariantGroup section */
		E356FBE71CBC27BC008F7866 /* Main.storyboard */ = {
			isa = PBXVariantGroup;
			children = (
				E356FBE81CBC27BC008F7866 /* Base */,
			);
			name = Main.storyboard;
			sourceTree = "<group>";
		};
		E356FBEC1CBC27BC008F7866 /* LaunchScreen.storyboard */ = {
			isa = PBXVariantGroup;
			children = (
				E356FBED1CBC27BC008F7866 /* Base */,
			);
			name = LaunchScreen.storyboard;
			sourceTree = "<group>";
		};
/* End PBXVariantGroup section */

/* Begin XCBuildConfiguration section */
		E356FBF01CBC27BC008F7866 /* Debug */ = {
			isa = XCBuildConfiguration;
			buildSettings = {
				ALWAYS_SEARCH_USER_PATHS = NO;
				CLANG_ANALYZER_NONNULL = YES;
				CLANG_CXX_LANGUAGE_STANDARD = "gnu++0x";
				CLANG_CXX_LIBRARY = "libc++";
				CLANG_ENABLE_MODULES = YES;
				CLANG_ENABLE_OBJC_ARC = YES;
				CLANG_WARN_BOOL_CONVERSION = YES;
				CLANG_WARN_CONSTANT_CONVERSION = YES;
				CLANG_WARN_DIRECT_OBJC_ISA_USAGE = YES_ERROR;
				CLANG_WARN_EMPTY_BODY = YES;
				CLANG_WARN_ENUM_CONVERSION = YES;
				CLANG_WARN_INT_CONVERSION = YES;
				CLANG_WARN_OBJC_ROOT_CLASS = YES_ERROR;
				CLANG_WARN_UNREACHABLE_CODE = YES;
				CLANG_WARN__DUPLICATE_METHOD_MATCH = YES;
				"CODE_SIGN_IDENTITY[sdk=iphoneos*]" = "iPhone Developer";
				COPY_PHASE_STRIP = NO;
				DEBUG_INFORMATION_FORMAT = dwarf;
				ENABLE_STRICT_OBJC_MSGSEND = YES;
				ENABLE_TESTABILITY = YES;
				GCC_C_LANGUAGE_STANDARD = gnu99;
				GCC_DYNAMIC_NO_PIC = NO;
				GCC_NO_COMMON_BLOCKS = YES;
				GCC_OPTIMIZATION_LEVEL = 0;
				GCC_PREPROCESSOR_DEFINITIONS = (
					"DEBUG=1",
					"$(inherited)",
				);
				GCC_WARN_64_TO_32_BIT_CONVERSION = YES;
				GCC_WARN_ABOUT_RETURN_TYPE = YES_ERROR;
				GCC_WARN_UNDECLARED_SELECTOR = YES;
				GCC_WARN_UNINITIALIZED_AUTOS = YES_AGGRESSIVE;
				GCC_WARN_UNUSED_FUNCTION = YES;
				GCC_WARN_UNUSED_VARIABLE = YES;
				IPHONEOS_DEPLOYMENT_TARGET = 9.3;
				MTL_ENABLE_DEBUG_INFO = YES;
				ONLY_ACTIVE_ARCH = YES;
				SDKROOT = iphoneos;
				SWIFT_OPTIMIZATION_LEVEL = "-Onone";
				TARGETED_DEVICE_FAMILY = "1,2";
			};
			name = Debug;
		};
		E356FBF11CBC27BC008F7866 /* Release */ = {
			isa = XCBuildConfiguration;
			buildSettings = {
				ALWAYS_SEARCH_USER_PATHS = NO;
				CLANG_ANALYZER_NONNULL = YES;
				CLANG_CXX_LANGUAGE_STANDARD = "gnu++0x";
				CLANG_CXX_LIBRARY = "libc++";
				CLANG_ENABLE_MODULES = YES;
				CLANG_ENABLE_OBJC_ARC = YES;
				CLANG_WARN_BOOL_CONVERSION = YES;
				CLANG_WARN_CONSTANT_CONVERSION = YES;
				CLANG_WARN_DIRECT_OBJC_ISA_USAGE = YES_ERROR;
				CLANG_WARN_EMPTY_BODY = YES;
				CLANG_WARN_ENUM_CONVERSION = YES;
				CLANG_WARN_INT_CONVERSION = YES;
				CLANG_WARN_OBJC_ROOT_CLASS = YES_ERROR;
				CLANG_WARN_UNREACHABLE_CODE = YES;
				CLANG_WARN__DUPLICATE_METHOD_MATCH = YES;
				"CODE_SIGN_IDENTITY[sdk=iphoneos*]" = "iPhone Developer";
				COPY_PHASE_STRIP = NO;
				DEBUG_INFORMATION_FORMAT = "dwarf-with-dsym";
				ENABLE_NS_ASSERTIONS = NO;
				ENABLE_STRICT_OBJC_MSGSEND = YES;
				GCC_C_LANGUAGE_STANDARD = gnu99;
				GCC_NO_COMMON_BLOCKS = YES;
				GCC_WARN_64_TO_32_BIT_CONVERSION = YES;
				GCC_WARN_ABOUT_RETURN_TYPE = YES_ERROR;
				GCC_WARN_UNDECLARED_SELECTOR = YES;
				GCC_WARN_UNINITIALIZED_AUTOS = YES_AGGRESSIVE;
				GCC_WARN_UNUSED_FUNCTION = YES;
				GCC_WARN_UNUSED_VARIABLE = YES;
				IPHONEOS_DEPLOYMENT_TARGET = 9.3;
				MTL_ENABLE_DEBUG_INFO = NO;
				SDKROOT = iphoneos;
				TARGETED_DEVICE_FAMILY = "1,2";
				VALIDATE_PRODUCT = YES;
			};
			name = Release;
		};
		E356FBF31CBC27BC008F7866 /* Debug */ = {
			isa = XCBuildConfiguration;
			buildSettings = {
				ASSETCATALOG_COMPILER_APPICON_NAME = AppIcon;
				INFOPLIST_FILE = ImageDownloader/Info.plist;
				LD_RUNPATH_SEARCH_PATHS = "$(inherited) @executable_path/Frameworks";
				PRODUCT_BUNDLE_IDENTIFIER = SpeedStalker.ImageDownloader;
				PRODUCT_NAME = "$(TARGET_NAME)";
			};
			name = Debug;
		};
		E356FBF41CBC27BC008F7866 /* Release */ = {
			isa = XCBuildConfiguration;
			buildSettings = {
				ASSETCATALOG_COMPILER_APPICON_NAME = AppIcon;
				INFOPLIST_FILE = ImageDownloader/Info.plist;
				LD_RUNPATH_SEARCH_PATHS = "$(inherited) @executable_path/Frameworks";
				PRODUCT_BUNDLE_IDENTIFIER = SpeedStalker.ImageDownloader;
				PRODUCT_NAME = "$(TARGET_NAME)";
			};
			name = Release;
		};
/* End XCBuildConfiguration section */

/* Begin XCConfigurationList section */
		E356FBDB1CBC27BC008F7866 /* Build configuration list for PBXProject "ImageDownloader" */ = {
			isa = XCConfigurationList;
			buildConfigurations = (
				E356FBF01CBC27BC008F7866 /* Debug */,
				E356FBF11CBC27BC008F7866 /* Release */,
			);
			defaultConfigurationIsVisible = 0;
			defaultConfigurationName = Release;
		};
		E356FBF21CBC27BC008F7866 /* Build configuration list for PBXNativeTarget "ImageDownloader" */ = {
			isa = XCConfigurationList;
			buildConfigurations = (
				E356FBF31CBC27BC008F7866 /* Debug */,
				E356FBF41CBC27BC008F7866 /* Release */,
			);
			defaultConfigurationIsVisible = 0;
		};
/* End XCConfigurationList section */
	};
	rootObject = E356FBD81CBC27BC008F7866 /* Project object */;
}
